
Microsoft Visual Studio Solution File, Format Version 12.00
# Visual Studio Version 16
VisualStudioVersion = 16.0.30611.23
MinimumVisualStudioVersion = 10.0.40219.1
Project("{FAE04EC0-301F-11D3-BF4B-00C04F79EFBC}") = "Misan_Diana_lab2", "Misan_Diana_lab2.csproj", "{C8C99453-649D-474A-ACA4-325F531235EC}"
EndProject
Global
	GlobalSection(SolutionConfigurationPlatforms) = preSolution
		Debug|Any CPU = Debug|Any CPU
		Release|Any CPU = Release|Any CPU
	EndGlobalSection
	GlobalSection(ProjectConfigurationPlatforms) = postSolution
		{C8C99453-649D-474A-ACA4-325F531235EC}.Debug|Any CPU.ActiveCfg = Debug|Any CPU
		{C8C99453-649D-474A-ACA4-325F531235EC}.Debug|Any CPU.Build.0 = Debug|Any CPU
		{C8C99453-649D-474A-ACA4-325F531235EC}.Release|Any CPU.ActiveCfg = Release|Any CPU
		{C8C99453-649D-474A-ACA4-325F531235EC}.Release|Any CPU.Build.0 = Release|Any CPU
	EndGlobalSection
	GlobalSection(SolutionProperties) = preSolution
		HideSolutionNode = FALSE
	EndGlobalSection
	GlobalSection(ExtensibilityGlobals) = postSolution
		SolutionGuid = {873B1674-12F8-44ED-9579-2E3D6D29B585}
	EndGlobalSection
EndGlobal
